// !$*UTF8*$!
{
	archiveVersion = 1;
	classes = {
	};
	objectVersion = 46;
	objects = {

/* Begin PBXBuildFile section */
		ECC716FC1A44E7F400B6A662 /* AppDelegate.swift in Sources */ = {isa = PBXBuildFile; fileRef = ECC716FB1A44E7F400B6A662 /* AppDelegate.swift */; };
		ECC716FE1A44E7F400B6A662 /* ViewController.swift in Sources */ = {isa = PBXBuildFile; fileRef = ECC716FD1A44E7F400B6A662 /* ViewController.swift */; };
		ECC717011A44E7F400B6A662 /* Main.storyboard in Resources */ = {isa = PBXBuildFile; fileRef = ECC716FF1A44E7F400B6A662 /* Main.storyboard */; };
		ECC717031A44E7F400B6A662 /* Images.xcassets in Resources */ = {isa = PBXBuildFile; fileRef = ECC717021A44E7F400B6A662 /* Images.xcassets */; };
		ECC717061A44E7F400B6A662 /* LaunchScreen.xib in Resources */ = {isa = PBXBuildFile; fileRef = ECC717041A44E7F400B6A662 /* LaunchScreen.xib */; };
		ECC717121A44E7F500B6A662 /* Fancy_PlacesTests.swift in Sources */ = {isa = PBXBuildFile; fileRef = ECC717111A44E7F500B6A662 /* Fancy_PlacesTests.swift */; };
		ECC7171C1A44E80200B6A662 /* MapKit.framework in Frameworks */ = {isa = PBXBuildFile; fileRef = ECC7171B1A44E80200B6A662 /* MapKit.framework */; };
		ECC7171E1A44EED500B6A662 /* CoreLocation.framework in Frameworks */ = {isa = PBXBuildFile; fileRef = ECC7171D1A44EED500B6A662 /* CoreLocation.framework */; };
/* End PBXBuildFile section */

/* Begin PBXContainerItemProxy section */
		ECC7170C1A44E7F500B6A662 /* PBXContainerItemProxy */ = {
			isa = PBXContainerItemProxy;
			containerPortal = ECC716EE1A44E7F400B6A662 /* Project object */;
			proxyType = 1;
			remoteGlobalIDString = ECC716F51A44E7F400B6A662;
			remoteInfo = "Fancy Places";
		};
/* End PBXContainerItemProxy section */

/* Begin PBXFileReference section */
		ECC716F61A44E7F400B6A662 /* Fancy Places.app */ = {isa = PBXFileReference; explicitFileType = wrapper.application; includeInIndex = 0; path = "Fancy Places.app"; sourceTree = BUILT_PRODUCTS_DIR; };
		ECC716FA1A44E7F400B6A662 /* Info.plist */ = {isa = PBXFileReference; lastKnownFileType = text.plist.xml; path = Info.plist; sourceTree = "<group>"; };
		ECC716FB1A44E7F400B6A662 /* AppDelegate.swift */ = {isa = PBXFileReference; lastKnownFileType = sourcecode.swift; path = AppDelegate.swift; sourceTree = "<group>"; };
		ECC716FD1A44E7F400B6A662 /* ViewController.swift */ = {isa = PBXFileReference; lastKnownFileType = sourcecode.swift; path = ViewController.swift; sourceTree = "<group>"; };
		ECC717001A44E7F400B6A662 /* Base */ = {isa = PBXFileReference; lastKnownFileType = file.storyboard; name = Base; path = Base.lproj/Main.storyboard; sourceTree = "<group>"; };
		ECC717021A44E7F400B6A662 /* Images.xcassets */ = {isa = PBXFileReference; lastKnownFileType = folder.assetcatalog; path = Images.xcassets; sourceTree = "<group>"; };
		ECC717051A44E7F400B6A662 /* Base */ = {isa = PBXFileReference; lastKnownFileType = file.xib; name = Base; path = Base.lproj/LaunchScreen.xib; sourceTree = "<group>"; };
		ECC7170B1A44E7F500B6A662 /* Fancy PlacesTests.xctest */ = {isa = PBXFileReference; explicitFileType = wrapper.cfbundle; includeInIndex = 0; path = "Fancy PlacesTests.xctest"; sourceTree = BUILT_PRODUCTS_DIR; };
		ECC717101A44E7F500B6A662 /* Info.plist */ = {isa = PBXFileReference; lastKnownFileType = text.plist.xml; path = Info.plist; sourceTree = "<group>"; };
		ECC717111A44E7F500B6A662 /* Fancy_PlacesTests.swift */ = {isa = PBXFileReference; lastKnownFileType = sourcecode.swift; path = Fancy_PlacesTests.swift; sourceTree = "<group>"; };
		ECC7171B1A44E80200B6A662 /* MapKit.framework */ = {isa = PBXFileReference; lastKnownFileType = wrapper.framework; name = MapKit.framework; path = System/Library/Frameworks/MapKit.framework; sourceTree = SDKROOT; };
		ECC7171D1A44EED500B6A662 /* CoreLocation.framework */ = {isa = PBXFileReference; lastKnownFileType = wrapper.framework; name = CoreLocation.framework; path = System/Library/Frameworks/CoreLocation.framework; sourceTree = SDKROOT; };
/* End PBXFileReference section */

/* Begin PBXFrameworksBuildPhase section */
		ECC716F31A44E7F400B6A662 /* Frameworks */ = {
			isa = PBXFrameworksBuildPhase;
			buildActionMask = 2147483647;
			files = (
				ECC7171E1A44EED500B6A662 /* CoreLocation.framework in Frameworks */,
				ECC7171C1A44E80200B6A662 /* MapKit.framework in Frameworks */,
			);
			runOnlyForDeploymentPostprocessing = 0;
		};
		ECC717081A44E7F500B6A662 /* Frameworks */ = {
			isa = PBXFrameworksBuildPhase;
			buildActionMask = 2147483647;
			files = (
			);
			runOnlyForDeploymentPostprocessing = 0;
		};
/* End PBXFrameworksBuildPhase section */

/* Begin PBXGroup section */
		ECC716ED1A44E7F400B6A662 = {
			isa = PBXGroup;
			children = (
				ECC7171D1A44EED500B6A662 /* CoreLocation.framework */,
				ECC7171B1A44E80200B6A662 /* MapKit.framework */,
				ECC716F81A44E7F400B6A662 /* Fancy Places */,
				ECC7170E1A44E7F500B6A662 /* Fancy PlacesTests */,
				ECC716F71A44E7F400B6A662 /* Products */,
			);
			sourceTree = "<group>";
		};
		ECC716F71A44E7F400B6A662 /* Products */ = {
			isa = PBXGroup;
			children = (
				ECC716F61A44E7F400B6A662 /* Fancy Places.app */,
				ECC7170B1A44E7F500B6A662 /* Fancy PlacesTests.xctest */,
			);
			name = Products;
			sourceTree = "<group>";
		};
		ECC716F81A44E7F400B6A662 /* Fancy Places */ = {
			isa = PBXGroup;
			children = (
				ECC716FB1A44E7F400B6A662 /* AppDelegate.swift */,
				ECC716FD1A44E7F400B6A662 /* ViewController.swift */,
				ECC716FF1A44E7F400B6A662 /* Main.storyboard */,
				ECC717021A44E7F400B6A662 /* Images.xcassets */,
				ECC717041A44E7F400B6A662 /* LaunchScreen.xib */,
				ECC716F91A44E7F400B6A662 /* Supporting Files */,
			);
			path = "Fancy Places";
			sourceTree = "<group>";
		};
		ECC716F91A44E7F400B6A662 /* Supporting Files */ = {
			isa = PBXGroup;
			children = (
				ECC716FA1A44E7F400B6A662 /* Info.plist */,
			);
			name = "Supporting Files";
			sourceTree = "<group>";
		};
		ECC7170E1A44E7F500B6A662 /* Fancy PlacesTests */ = {
			isa = PBXGroup;
			children = (
				ECC717111A44E7F500B6A662 /* Fancy_PlacesTests.swift */,
				ECC7170F1A44E7F500B6A662 /* Supporting Files */,
			);
			path = "Fancy PlacesTests";
			sourceTree = "<group>";
		};
		ECC7170F1A44E7F500B6A662 /* Supporting Files */ = {
			isa = PBXGroup;
			children = (
				ECC717101A44E7F500B6A662 /* Info.plist */,
			);
			name = "Supporting Files";
			sourceTree = "<group>";
		};
/* End PBXGroup section */

/* Begin PBXNativeTarget section */
		ECC716F51A44E7F400B6A662 /* Fancy Places */ = {
			isa = PBXNativeTarget;
			buildConfigurationList = ECC717151A44E7F500B6A662 /* Build configuration list for PBXNativeTarget "Fancy Places" */;
			buildPhases = (
				ECC716F21A44E7F400B6A662 /* Sources */,
				ECC716F31A44E7F400B6A662 /* Frameworks */,
				ECC716F41A44E7F400B6A662 /* Resources */,
			);
			buildRules = (
			);
			dependencies = (
			);
			name = "Fancy Places";
			productName = "Fancy Places";
			productReference = ECC716F61A44E7F400B6A662 /* Fancy Places.app */;
			productType = "com.apple.product-type.application";
		};
		ECC7170A1A44E7F500B6A662 /* Fancy PlacesTests */ = {
			isa = PBXNativeTarget;
			buildConfigurationList = ECC717181A44E7F500B6A662 /* Build configuration list for PBXNativeTarget "Fancy PlacesTests" */;
			buildPhases = (
				ECC717071A44E7F500B6A662 /* Sources */,
				ECC717081A44E7F500B6A662 /* Frameworks */,
				ECC717091A44E7F500B6A662 /* Resources */,
			);
			buildRules = (
			);
			dependencies = (
				ECC7170D1A44E7F500B6A662 /* PBXTargetDependency */,
			);
			name = "Fancy PlacesTests";
			productName = "Fancy PlacesTests";
			productReference = ECC7170B1A44E7F500B6A662 /* Fancy PlacesTests.xctest */;
			productType = "com.apple.product-type.bundle.unit-test";
		};
/* End PBXNativeTarget section */

/* Begin PBXProject section */
		ECC716EE1A44E7F400B6A662 /* Project object */ = {
			isa = PBXProject;
			attributes = {
				LastUpgradeCheck = 0610;
				ORGANIZATIONNAME = "Patrick Landin";
				TargetAttributes = {
					ECC716F51A44E7F400B6A662 = {
						CreatedOnToolsVersion = 6.1.1;
					};
					ECC7170A1A44E7F500B6A662 = {
						CreatedOnToolsVersion = 6.1.1;
						TestTargetID = ECC716F51A44E7F400B6A662;
					};
				};
			};
			buildConfigurationList = ECC716F11A44E7F400B6A662 /* Build configuration list for PBXProject "Fancy Places" */;
			compatibilityVersion = "Xcode 3.2";
			developmentRegion = English;
			hasScannedForEncodings = 0;
			knownRegions = (
				en,
				Base,
			);
			mainGroup = ECC716ED1A44E7F400B6A662;
			productRefGroup = ECC716F71A44E7F400B6A662 /* Products */;
			projectDirPath = "";
			projectRoot = "";
			targets = (
				ECC716F51A44E7F400B6A662 /* Fancy Places */,
				ECC7170A1A44E7F500B6A662 /* Fancy PlacesTests */,
			);
		};
/* End PBXProject section */

/* Begin PBXResourcesBuildPhase section */
		ECC716F41A44E7F400B6A662 /* Resources */ = {
			isa = PBXResourcesBuildPhase;
			buildActionMask = 2147483647;
			files = (
				ECC717011A44E7F400B6A662 /* Main.storyboard in Resources */,
				ECC717061A44E7F400B6A662 /* LaunchScreen.xib in Resources */,
				ECC717031A44E7F400B6A662 /* Images.xcassets in Resources */,
			);
			runOnlyForDeploymentPostprocessing = 0;
		};
		ECC717091A44E7F500B6A662 /* Resources */ = {
			isa = PBXResourcesBuildPhase;
			buildActionMask = 2147483647;
			files = (
			);
			runOnlyForDeploymentPostprocessing = 0;
		};
/* End PBXResourcesBuildPhase section */

/* Begin PBXSourcesBuildPhase section */
		ECC716F21A44E7F400B6A662 /* Sources */ = {
			isa = PBXSourcesBuildPhase;
			buildActionMask = 2147483647;
			files = (
				ECC716FE1A44E7F400B6A662 /* ViewController.swift in Sources */,
				ECC716FC1A44E7F400B6A662 /* AppDelegate.swift in Sources */,
			);
			runOnlyForDeploymentPostprocessing = 0;
		};
		ECC717071A44E7F500B6A662 /* Sources */ = {
			isa = PBXSourcesBuildPhase;
			buildActionMask = 2147483647;
			files = (
				ECC717121A44E7F500B6A662 /* Fancy_PlacesTests.swift in Sources */,
			);
			runOnlyForDeploymentPostprocessing = 0;
		};
/* End PBXSourcesBuildPhase section */

/* Begin PBXTargetDependency section */
		ECC7170D1A44E7F500B6A662 /* PBXTargetDependency */ = {
			isa = PBXTargetDependency;
			target = ECC716F51A44E7F400B6A662 /* Fancy Places */;
			targetProxy = ECC7170C1A44E7F500B6A662 /* PBXContainerItemProxy */;
		};
/* End PBXTargetDependency section */

/* Begin PBXVariantGroup section */
		ECC716FF1A44E7F400B6A662 /* Main.storyboard */ = {
			isa = PBXVariantGroup;
			children = (
				ECC717001A44E7F400B6A662 /* Base */,
			);
			name = Main.storyboard;
			sourceTree = "<group>";
		};
		ECC717041A44E7F400B6A662 /* LaunchScreen.xib */ = {
			isa = PBXVariantGroup;
			children = (
				ECC717051A44E7F400B6A662 /* Base */,
			);
			name = LaunchScreen.xib;
			sourceTree = "<group>";
		};
/* End PBXVariantGroup section */

/* Begin XCBuildConfiguration section */
		ECC717131A44E7F500B6A662 /* Debug */ = {
			isa = XCBuildConfiguration;
			buildSettings = {
				ALWAYS_SEARCH_USER_PATHS = NO;
				CLANG_CXX_LANGUAGE_STANDARD = "gnu++0x";
				CLANG_CXX_LIBRARY = "libc++";
				CLANG_ENABLE_MODULES = YES;
				CLANG_ENABLE_OBJC_ARC = YES;
				CLANG_WARN_BOOL_CONVERSION = YES;
				CLANG_WARN_CONSTANT_CONVERSION = YES;
				CLANG_WARN_DIRECT_OBJC_ISA_USAGE = YES_ERROR;
				CLANG_WARN_EMPTY_BODY = YES;
				CLANG_WARN_ENUM_CONVERSION = YES;
				CLANG_WARN_INT_CONVERSION = YES;
				CLANG_WARN_OBJC_ROOT_CLASS = YES_ERROR;
				CLANG_WARN_UNREACHABLE_CODE = YES;
				CLANG_WARN__DUPLICATE_METHOD_MATCH = YES;
				"CODE_SIGN_IDENTITY[sdk=iphoneos*]" = "iPhone Developer";
				COPY_PHASE_STRIP = NO;
				ENABLE_STRICT_OBJC_MSGSEND = YES;
				GCC_C_LANGUAGE_STANDARD = gnu99;
				GCC_DYNAMIC_NO_PIC = NO;
				GCC_OPTIMIZATION_LEVEL = 0;
				GCC_PREPROCESSOR_DEFINITIONS = (
					"DEBUG=1",
					"$(inherited)",
				);
				GCC_SYMBOLS_PRIVATE_EXTERN = NO;
				GCC_WARN_64_TO_32_BIT_CONVERSION = YES;
				GCC_WARN_ABOUT_RETURN_TYPE = YES_ERROR;
				GCC_WARN_UNDECLARED_SELECTOR = YES;
				GCC_WARN_UNINITIALIZED_AUTOS = YES_AGGRESSIVE;
				GCC_WARN_UNUSED_FUNCTION = YES;
				GCC_WARN_UNUSED_VARIABLE = YES;
				IPHONEOS_DEPLOYMENT_TARGET = 8.1;
				MTL_ENABLE_DEBUG_INFO = YES;
				ONLY_ACTIVE_ARCH = YES;
				SDKROOT = iphoneos;
				SWIFT_OPTIMIZATION_LEVEL = "-Onone";
			};
			name = Debug;
		};
		ECC717141A44E7F500B6A662 /* Release */ = {
			isa = XCBuildConfiguration;
			buildSettings = {
				ALWAYS_SEARCH_USER_PATHS = NO;
				CLANG_CXX_LANGUAGE_STANDARD = "gnu++0x";
				CLANG_CXX_LIBRARY = "libc++";
				CLANG_ENABLE_MODULES = YES;
				CLANG_ENABLE_OBJC_ARC = YES;
				CLANG_WARN_BOOL_CONVERSION = YES;
				CLANG_WARN_CONSTANT_CONVERSION = YES;
				CLANG_WARN_DIRECT_OBJC_ISA_USAGE = YES_ERROR;
				CLANG_WARN_EMPTY_BODY = YES;
				CLANG_WARN_ENUM_CONVERSION = YES;
				CLANG_WARN_INT_CONVERSION = YES;
				CLANG_WARN_OBJC_ROOT_CLASS = YES_ERROR;
				CLANG_WARN_UNREACHABLE_CODE = YES;
				CLANG_WARN__DUPLICATE_METHOD_MATCH = YES;
				"CODE_SIGN_IDENTITY[sdk=iphoneos*]" = "iPhone Developer";
				COPY_PHASE_STRIP = YES;
				ENABLE_NS_ASSERTIONS = NO;
				ENABLE_STRICT_OBJC_MSGSEND = YES;
				GCC_C_LANGUAGE_STANDARD = gnu99;
				GCC_WARN_64_TO_32_BIT_CONVERSION = YES;
				GCC_WARN_ABOUT_RETURN_TYPE = YES_ERROR;
				GCC_WARN_UNDECLARED_SELECTOR = YES;
				GCC_WARN_UNINITIALIZED_AUTOS = YES_AGGRESSIVE;
				GCC_WARN_UNUSED_FUNCTION = YES;
				GCC_WARN_UNUSED_VARIABLE = YES;
				IPHONEOS_DEPLOYMENT_TARGET = 8.1;
				MTL_ENABLE_DEBUG_INFO = NO;
				SDKROOT = iphoneos;
				VALIDATE_PRODUCT = YES;
			};
			name = Release;
		};
		ECC717161A44E7F500B6A662 /* Debug */ = {
			isa = XCBuildConfiguration;
			buildSettings = {
				ASSETCATALOG_COMPILER_APPICON_NAME = AppIcon;
				INFOPLIST_FILE = "Fancy Places/Info.plist";
				LD_RUNPATH_SEARCH_PATHS = "$(inherited) @executable_path/Frameworks";
				PRODUCT_NAME = "$(TARGET_NAME)";
			};
			name = Debug;
		};
		ECC717171A44E7F500B6A662 /* Release */ = {
			isa = XCBuildConfiguration;
			buildSettings = {
				ASSETCATALOG_COMPILER_APPICON_NAME = AppIcon;
				INFOPLIST_FILE = "Fancy Places/Info.plist";
				LD_RUNPATH_SEARCH_PATHS = "$(inherited) @executable_path/Frameworks";
				PRODUCT_NAME = "$(TARGET_NAME)";
			};
			name = Release;
		};
		ECC717191A44E7F500B6A662 /* Debug */ = {
			isa = XCBuildConfiguration;
			buildSettings = {
				BUNDLE_LOADER = "$(TEST_HOST)";
				FRAMEWORK_SEARCH_PATHS = (
					"$(SDKROOT)/Developer/Library/Frameworks",
					"$(inherited)",
				);
				GCC_PREPROCESSOR_DEFINITIONS = (
					"DEBUG=1",
					"$(inherited)",
				);
				INFOPLIST_FILE = "Fancy PlacesTests/Info.plist";
				LD_RUNPATH_SEARCH_PATHS = "$(inherited) @executable_path/Frameworks @loader_path/Frameworks";
				PRODUCT_NAME = "$(TARGET_NAME)";
				TEST_HOST = "$(BUILT_PRODUCTS_DIR)/Fancy Places.app/Fancy Places";
			};
			name = Debug;
		};
		ECC7171A1A44E7F500B6A662 /* Release */ = {
			isa = XCBuildConfiguration;
			buildSettings = {
				BUNDLE_LOADER = "$(TEST_HOST)";
				FRAMEWORK_SEARCH_PATHS = (
					"$(SDKROOT)/Developer/Library/Frameworks",
					"$(inherited)",
				);
				INFOPLIST_FILE = "Fancy PlacesTests/Info.plist";
				LD_RUNPATH_SEARCH_PATHS = "$(inherited) @executable_path/Frameworks @loader_path/Frameworks";
				PRODUCT_NAME = "$(TARGET_NAME)";
				TEST_HOST = "$(BUILT_PRODUCTS_DIR)/Fancy Places.app/Fancy Places";
			};
			name = Release;
		};
/* End XCBuildConfiguration section */

/* Begin XCConfigurationList section */
		ECC716F11A44E7F400B6A662 /* Build configuration list for PBXProject "Fancy Places" */ = {
			isa = XCConfigurationList;
			buildConfigurations = (
				ECC717131A44E7F500B6A662 /* Debug */,
				ECC717141A44E7F500B6A662 /* Release */,
			);
			defaultConfigurationIsVisible = 0;
			defaultConfigurationName = Release;
		};
		ECC717151A44E7F500B6A662 /* Build configuration list for PBXNativeTarget "Fancy Places" */ = {
			isa = XCConfigurationList;
			buildConfigurations = (
				ECC717161A44E7F500B6A662 /* Debug */,
				ECC717171A44E7F500B6A662 /* Release */,
			);
			defaultConfigurationIsVisible = 0;
		};
		ECC717181A44E7F500B6A662 /* Build configuration list for PBXNativeTarget "Fancy PlacesTests" */ = {
			isa = XCConfigurationList;
			buildConfigurations = (
				ECC717191A44E7F500B6A662 /* Debug */,
				ECC7171A1A44E7F500B6A662 /* Release */,
			);
			defaultConfigurationIsVisible = 0;
		};
/* End XCConfigurationList section */
	};
	rootObject = ECC716EE1A44E7F400B6A662 /* Project object */;
}
